
Microsoft Visual Studio Solution File, Format Version 11.00
# Visual Studio 2010
Project("{FAE04EC0-301F-11D3-BF4B-00C04F79EFBC}") = "WebTest01", "WebTest01.csproj", "{9541C81A-0F82-4C52-83B1-C19D771527B6}"
EndProject
Global
	GlobalSection(SolutionConfigurationPlatforms) = preSolution
		Debug|Any CPU = Debug|Any CPU
		Release|Any CPU = Release|Any CPU
	EndGlobalSection
	GlobalSection(ProjectConfigurationPlatforms) = postSolution
		{9541C81A-0F82-4C52-83B1-C19D771527B6}.Debug|Any CPU.ActiveCfg = Debug|Any CPU
		{9541C81A-0F82-4C52-83B1-C19D771527B6}.Debug|Any CPU.Build.0 = Debug|Any CPU
		{9541C81A-0F82-4C52-83B1-C19D771527B6}.Release|Any CPU.ActiveCfg = Release|Any CPU
		{9541C81A-0F82-4C52-83B1-C19D771527B6}.Release|Any CPU.Build.0 = Release|Any CPU
	EndGlobalSection
	GlobalSection(SolutionProperties) = preSolution
		HideSolutionNode = FALSE
	EndGlobalSection
EndGlobal
